
Microsoft Visual Studio Solution File, Format Version 11.00
# Visual Studio 2010
Project("{E24C65DC-7377-472B-9ABA-BC803B73C61A}") = "Spoon-Knife", ".", "{A2C86AB8-A8EC-4AF4-8F17-07D9638F8329}"
	ProjectSection(WebsiteProperties) = preProject
		TargetFrameworkMoniker = ".NETFramework,Version%3Dv4.0"
		Debug.AspNetCompiler.VirtualPath = "/Spoon-Knife"
		Debug.AspNetCompiler.PhysicalPath = "..\Spoon-Knife\"
		Debug.AspNetCompiler.TargetPath = "PrecompiledWeb\Spoon-Knife\"
		Debug.AspNetCompiler.Updateable = "true"
		Debug.AspNetCompiler.ForceOverwrite = "true"
		Debug.AspNetCompiler.FixedNames = "false"
		Debug.AspNetCompiler.Debug = "True"
		Release.AspNetCompiler.VirtualPath = "/Spoon-Knife"
		Release.AspNetCompiler.PhysicalPath = "..\Spoon-Knife\"
		Release.AspNetCompiler.TargetPath = "PrecompiledWeb\Spoon-Knife\"
		Release.AspNetCompiler.Updateable = "true"
		Release.AspNetCompiler.ForceOverwrite = "true"
		Release.AspNetCompiler.FixedNames = "false"
		Release.AspNetCompiler.Debug = "False"
		VWDPort = "49639"
	EndProjectSection
EndProject
Global
	GlobalSection(SolutionConfigurationPlatforms) = preSolution
		Debug|Any CPU = Debug|Any CPU
	EndGlobalSection
	GlobalSection(ProjectConfigurationPlatforms) = postSolution
		{A2C86AB8-A8EC-4AF4-8F17-07D9638F8329}.Debug|Any CPU.ActiveCfg = Debug|Any CPU
		{A2C86AB8-A8EC-4AF4-8F17-07D9638F8329}.Debug|Any CPU.Build.0 = Debug|Any CPU
	EndGlobalSection
	GlobalSection(SolutionProperties) = preSolution
		HideSolutionNode = FALSE
	EndGlobalSection
EndGlobal
